
Microsoft Visual Studio Solution File, Format Version 12.00
# Visual Studio 15
Project("{FAE04EC0-301F-11D3-BF4B-00C04F79EFBC}") = "spoldzielnia-mini-game", "Assembly-CSharp.csproj", "{FED733B8-9E9E-A8DF-8EFE-DB6AB619CC54}"
EndProject
Global
	GlobalSection(SolutionConfigurationPlatforms) = preSolution
		Debug|Any CPU = Debug|Any CPU
		Release|Any CPU = Release|Any CPU
	EndGlobalSection
	GlobalSection(ProjectConfigurationPlatforms) = postSolution
		{FED733B8-9E9E-A8DF-8EFE-DB6AB619CC54}.Debug|Any CPU.ActiveCfg = Debug|Any CPU
		{FED733B8-9E9E-A8DF-8EFE-DB6AB619CC54}.Debug|Any CPU.Build.0 = Debug|Any CPU
		{FED733B8-9E9E-A8DF-8EFE-DB6AB619CC54}.Release|Any CPU.ActiveCfg = Release|Any CPU
		{FED733B8-9E9E-A8DF-8EFE-DB6AB619CC54}.Release|Any CPU.Build.0 = Release|Any CPU
	EndGlobalSection
	GlobalSection(SolutionProperties) = preSolution
		HideSolutionNode = FALSE
	EndGlobalSection
EndGlobal
